
Microsoft Visual Studio Solution File, Format Version 12.00
# Visual Studio Version 17
VisualStudioVersion = 17.4.33213.308
MinimumVisualStudioVersion = 10.0.40219.1
Project("{9A19103F-16F7-4668-BE54-9A1E7A4F7556}") = "pokedexapi", "pokedexapi.csproj", "{9ACD238C-E754-4F61-9585-EA7B0B830387}"
EndProject
Global
	GlobalSection(SolutionConfigurationPlatforms) = preSolution
		Debug|Any CPU = Debug|Any CPU
		Release|Any CPU = Release|Any CPU
	EndGlobalSection
	GlobalSection(ProjectConfigurationPlatforms) = postSolution
		{9ACD238C-E754-4F61-9585-EA7B0B830387}.Debug|Any CPU.ActiveCfg = Debug|Any CPU
		{9ACD238C-E754-4F61-9585-EA7B0B830387}.Debug|Any CPU.Build.0 = Debug|Any CPU
		{9ACD238C-E754-4F61-9585-EA7B0B830387}.Release|Any CPU.ActiveCfg = Release|Any CPU
		{9ACD238C-E754-4F61-9585-EA7B0B830387}.Release|Any CPU.Build.0 = Release|Any CPU
	EndGlobalSection
	GlobalSection(SolutionProperties) = preSolution
		HideSolutionNode = FALSE
	EndGlobalSection
	GlobalSection(ExtensibilityGlobals) = postSolution
		SolutionGuid = {DBD23EB4-92F6-4411-A1A6-32B32C0EAD48}
	EndGlobalSection
EndGlobal
